
Microsoft Visual Studio Solution File, Format Version 12.00
# Visual Studio 15
VisualStudioVersion = 15.0.28307.1705
MinimumVisualStudioVersion = 10.0.40219.1
Project("{8BC9CEB8-8B4A-11D0-8D11-00A0C91BC942}") = "P14", "P14\P14.vcxproj", "{C5185C59-7500-4A3A-9CC9-68FEDCE8D33B}"
EndProject
Global
	GlobalSection(SolutionConfigurationPlatforms) = preSolution
		Debug|x64 = Debug|x64
		Debug|x86 = Debug|x86
		Release|x64 = Release|x64
		Release|x86 = Release|x86
	EndGlobalSection
	GlobalSection(ProjectConfigurationPlatforms) = postSolution
		{C5185C59-7500-4A3A-9CC9-68FEDCE8D33B}.Debug|x64.ActiveCfg = Debug|x64
		{C5185C59-7500-4A3A-9CC9-68FEDCE8D33B}.Debug|x64.Build.0 = Debug|x64
		{C5185C59-7500-4A3A-9CC9-68FEDCE8D33B}.Debug|x86.ActiveCfg = Debug|Win32
		{C5185C59-7500-4A3A-9CC9-68FEDCE8D33B}.Debug|x86.Build.0 = Debug|Win32
		{C5185C59-7500-4A3A-9CC9-68FEDCE8D33B}.Release|x64.ActiveCfg = Release|x64
		{C5185C59-7500-4A3A-9CC9-68FEDCE8D33B}.Release|x64.Build.0 = Release|x64
		{C5185C59-7500-4A3A-9CC9-68FEDCE8D33B}.Release|x86.ActiveCfg = Release|Win32
		{C5185C59-7500-4A3A-9CC9-68FEDCE8D33B}.Release|x86.Build.0 = Release|Win32
	EndGlobalSection
	GlobalSection(SolutionProperties) = preSolution
		HideSolutionNode = FALSE
	EndGlobalSection
	GlobalSection(ExtensibilityGlobals) = postSolution
		SolutionGuid = {B3894CCF-1951-4EE8-9C8C-81B535309D17}
	EndGlobalSection
EndGlobal
